
Microsoft Visual Studio Solution File, Format Version 12.00
Project("{FAE04EC0-301F-11D3-BF4B-00C04F79EFBC}") = "UnoriginalChess.Entities", "UnoriginalChess.Entities\UnoriginalChess.Entities.csproj", "{313DCCD5-8E0C-4FBA-BCE5-0AC10847BCBA}"
EndProject
Project("{FAE04EC0-301F-11D3-BF4B-00C04F79EFBC}") = "UnoriginalChess.UnitTests", "UnoriginalChess.UnitTests\UnoriginalChess.UnitTests.csproj", "{B2631C82-FDE2-499D-9DE2-39A7C1100441}"
EndProject
Project("{FAE04EC0-301F-11D3-BF4B-00C04F79EFBC}") = "UnoriginalChess.UI", "UnoriginalChess.UI\UnoriginalChess.UI.csproj", "{421945D3-39B4-4240-80C1-61FE90F61AF8}"
EndProject
Project("{FAE04EC0-301F-11D3-BF4B-00C04F79EFBC}") = "UnoriginalChess.Wasm", "UnoriginalChess.Wasm\UnoriginalChess.Wasm.csproj", "{558B5C35-9474-45AE-8913-44832DBCDFEB}"
EndProject
Global
	GlobalSection(SolutionConfigurationPlatforms) = preSolution
		Debug|Any CPU = Debug|Any CPU
		Release|Any CPU = Release|Any CPU
	EndGlobalSection
	GlobalSection(ProjectConfigurationPlatforms) = postSolution
		{313DCCD5-8E0C-4FBA-BCE5-0AC10847BCBA}.Debug|Any CPU.ActiveCfg = Debug|Any CPU
		{313DCCD5-8E0C-4FBA-BCE5-0AC10847BCBA}.Debug|Any CPU.Build.0 = Debug|Any CPU
		{313DCCD5-8E0C-4FBA-BCE5-0AC10847BCBA}.Release|Any CPU.ActiveCfg = Release|Any CPU
		{313DCCD5-8E0C-4FBA-BCE5-0AC10847BCBA}.Release|Any CPU.Build.0 = Release|Any CPU
		{B2631C82-FDE2-499D-9DE2-39A7C1100441}.Debug|Any CPU.ActiveCfg = Debug|Any CPU
		{B2631C82-FDE2-499D-9DE2-39A7C1100441}.Debug|Any CPU.Build.0 = Debug|Any CPU
		{B2631C82-FDE2-499D-9DE2-39A7C1100441}.Release|Any CPU.ActiveCfg = Release|Any CPU
		{B2631C82-FDE2-499D-9DE2-39A7C1100441}.Release|Any CPU.Build.0 = Release|Any CPU
		{421945D3-39B4-4240-80C1-61FE90F61AF8}.Debug|Any CPU.ActiveCfg = Debug|Any CPU
		{421945D3-39B4-4240-80C1-61FE90F61AF8}.Debug|Any CPU.Build.0 = Debug|Any CPU
		{421945D3-39B4-4240-80C1-61FE90F61AF8}.Release|Any CPU.ActiveCfg = Release|Any CPU
		{421945D3-39B4-4240-80C1-61FE90F61AF8}.Release|Any CPU.Build.0 = Release|Any CPU
		{558B5C35-9474-45AE-8913-44832DBCDFEB}.Debug|Any CPU.ActiveCfg = Debug|Any CPU
		{558B5C35-9474-45AE-8913-44832DBCDFEB}.Debug|Any CPU.Build.0 = Debug|Any CPU
		{558B5C35-9474-45AE-8913-44832DBCDFEB}.Release|Any CPU.ActiveCfg = Release|Any CPU
		{558B5C35-9474-45AE-8913-44832DBCDFEB}.Release|Any CPU.Build.0 = Release|Any CPU
	EndGlobalSection
EndGlobal
